
Microsoft Visual Studio Solution File, Format Version 12.00
# Visual Studio 15
Project("{FAE04EC0-301F-11D3-BF4B-00C04F79EFBC}") = "Assembly-CSharp", "Assembly-CSharp.csproj", "{81FB5F84-72E1-7620-1BC8-3A370D5CEDD2}"
EndProject
Project("{FAE04EC0-301F-11D3-BF4B-00C04F79EFBC}") = "Assembly-CSharp-firstpass", "Assembly-CSharp-firstpass.csproj", "{D9443137-1D2F-139F-773D-B2D705BC3E72}"
EndProject
Project("{FAE04EC0-301F-11D3-BF4B-00C04F79EFBC}") = "Assembly-CSharp-Editor-firstpass", "Assembly-CSharp-Editor-firstpass.csproj", "{A78A3BA4-BF9B-2FCC-B1F9-121E1650F99C}"
EndProject
Global
	GlobalSection(SolutionConfigurationPlatforms) = preSolution
		Debug|Any CPU = Debug|Any CPU
		Release|Any CPU = Release|Any CPU
	EndGlobalSection
	GlobalSection(ProjectConfigurationPlatforms) = postSolution
		{81FB5F84-72E1-7620-1BC8-3A370D5CEDD2}.Debug|Any CPU.ActiveCfg = Debug|Any CPU
		{81FB5F84-72E1-7620-1BC8-3A370D5CEDD2}.Debug|Any CPU.Build.0 = Debug|Any CPU
		{81FB5F84-72E1-7620-1BC8-3A370D5CEDD2}.Release|Any CPU.ActiveCfg = Release|Any CPU
		{81FB5F84-72E1-7620-1BC8-3A370D5CEDD2}.Release|Any CPU.Build.0 = Release|Any CPU
		{D9443137-1D2F-139F-773D-B2D705BC3E72}.Debug|Any CPU.ActiveCfg = Debug|Any CPU
		{D9443137-1D2F-139F-773D-B2D705BC3E72}.Debug|Any CPU.Build.0 = Debug|Any CPU
		{D9443137-1D2F-139F-773D-B2D705BC3E72}.Release|Any CPU.ActiveCfg = Release|Any CPU
		{D9443137-1D2F-139F-773D-B2D705BC3E72}.Release|Any CPU.Build.0 = Release|Any CPU
		{A78A3BA4-BF9B-2FCC-B1F9-121E1650F99C}.Debug|Any CPU.ActiveCfg = Debug|Any CPU
		{A78A3BA4-BF9B-2FCC-B1F9-121E1650F99C}.Debug|Any CPU.Build.0 = Debug|Any CPU
		{A78A3BA4-BF9B-2FCC-B1F9-121E1650F99C}.Release|Any CPU.ActiveCfg = Release|Any CPU
		{A78A3BA4-BF9B-2FCC-B1F9-121E1650F99C}.Release|Any CPU.Build.0 = Release|Any CPU
	EndGlobalSection
	GlobalSection(SolutionProperties) = preSolution
		HideSolutionNode = FALSE
	EndGlobalSection
EndGlobal
